
Microsoft Visual Studio Solution File, Format Version 12.00
# Visual Studio Version 16
VisualStudioVersion = 16.0.28809.33
MinimumVisualStudioVersion = 10.0.40219.1
Project("{FAE04EC0-301F-11D3-BF4B-00C04F79EFBC}") = "Utilidades", "Utilidades\Utilidades.csproj", "{40F84B5A-27D9-41CA-8B84-8BA57E53C5E7}"
EndProject
Global
	GlobalSection(SolutionConfigurationPlatforms) = preSolution
		Debug|Any CPU = Debug|Any CPU
		Release|Any CPU = Release|Any CPU
	EndGlobalSection
	GlobalSection(ProjectConfigurationPlatforms) = postSolution
		{40F84B5A-27D9-41CA-8B84-8BA57E53C5E7}.Debug|Any CPU.ActiveCfg = Debug|Any CPU
		{40F84B5A-27D9-41CA-8B84-8BA57E53C5E7}.Debug|Any CPU.Build.0 = Debug|Any CPU
		{40F84B5A-27D9-41CA-8B84-8BA57E53C5E7}.Release|Any CPU.ActiveCfg = Release|Any CPU
		{40F84B5A-27D9-41CA-8B84-8BA57E53C5E7}.Release|Any CPU.Build.0 = Release|Any CPU
	EndGlobalSection
	GlobalSection(SolutionProperties) = preSolution
		HideSolutionNode = FALSE
	EndGlobalSection
	GlobalSection(ExtensibilityGlobals) = postSolution
		SolutionGuid = {3CA30C64-66FE-48BB-9362-96B2461464D7}
	EndGlobalSection
EndGlobal
